// !$*UTF8*$!
{
	archiveVersion = 1;
	classes = {
	};
	objectVersion = 77;
	objects = {

/* Begin PBXBuildFile section */
		839B291D2F78D499007A27FE /* SwiftData.framework in Frameworks */ = {isa = PBXBuildFile; fileRef = 839B291C2F78D499007A27FE /* SwiftData.framework */; };
		83A545BE2F58957F00342AE7 /* README.md in Resources */ = {isa = PBXBuildFile; fileRef = 83A545BD2F58957F00342AE7 /* README.md */; };
		83B8E1ED2F77A8BF00A31963 /* WevoShareExtension.appex in Embed Foundation Extensions */ = {isa = PBXBuildFile; fileRef = 83B8E1E32F77A8BF00A31963 /* WevoShareExtension.appex */; settings = {ATTRIBUTES = (RemoveHeadersOnCopy, ); }; };
/* End PBXBuildFile section */

/* Begin PBXContainerItemProxy section */
		83A545A02F5893F800342AE7 /* PBXContainerItemProxy */ = {
			isa = PBXContainerItemProxy;
			containerPortal = 83A545862F5893F600342AE7 /* Project object */;
			proxyType = 1;
			remoteGlobalIDString = 83A5458D2F5893F600342AE7;
			remoteInfo = Wevo;
		};
		83A545AA2F5893F800342AE7 /* PBXContainerItemProxy */ = {
			isa = PBXContainerItemProxy;
			containerPortal = 83A545862F5893F600342AE7 /* Project object */;
			proxyType = 1;
			remoteGlobalIDString = 83A5458D2F5893F600342AE7;
			remoteInfo = Wevo;
		};
		83B8E1EB2F77A8BF00A31963 /* PBXContainerItemProxy */ = {
			isa = PBXContainerItemProxy;
			containerPortal = 83A545862F5893F600342AE7 /* Project object */;
			proxyType = 1;
			remoteGlobalIDString = 83B8E1E22F77A8BF00A31963;
			remoteInfo = WevoShareExtension;
		};
/* End PBXContainerItemProxy section */

/* Begin PBXCopyFilesBuildPhase section */
		83B8E1EE2F77A8BF00A31963 /* Embed Foundation Extensions */ = {
			isa = PBXCopyFilesBuildPhase;
			buildActionMask = 2147483647;
			dstPath = "";
			dstSubfolderSpec = 13;
			files = (
				83B8E1ED2F77A8BF00A31963 /* WevoShareExtension.appex in Embed Foundation Extensions */,
			);
			name = "Embed Foundation Extensions";
			runOnlyForDeploymentPostprocessing = 0;
		};
/* End PBXCopyFilesBuildPhase section */

/* Begin PBXFileReference section */
		839B291C2F78D499007A27FE /* SwiftData.framework */ = {isa = PBXFileReference; lastKnownFileType = wrapper.framework; name = SwiftData.framework; path = Platforms/iPhoneOS.platform/Developer/SDKs/iPhoneOS26.4.sdk/System/Library/Frameworks/SwiftData.framework; sourceTree = DEVELOPER_DIR; };
		839CD4042F6039CA000B1FB7 /* Wevo.xctestplan */ = {isa = PBXFileReference; lastKnownFileType = text; path = Wevo.xctestplan; sourceTree = "<group>"; };
		83A5458E2F5893F600342AE7 /* Wevo.app */ = {isa = PBXFileReference; explicitFileType = wrapper.application; includeInIndex = 0; path = Wevo.app; sourceTree = BUILT_PRODUCTS_DIR; };
		83A5459F2F5893F800342AE7 /* WevoTests.xctest */ = {isa = PBXFileReference; explicitFileType = wrapper.cfbundle; includeInIndex = 0; path = WevoTests.xctest; sourceTree = BUILT_PRODUCTS_DIR; };
		83A545A92F5893F800342AE7 /* WevoUITests.xctest */ = {isa = PBXFileReference; explicitFileType = wrapper.cfbundle; includeInIndex = 0; path = WevoUITests.xctest; sourceTree = BUILT_PRODUCTS_DIR; };
		83A545BD2F58957F00342AE7 /* README.md */ = {isa = PBXFileReference; lastKnownFileType = net.daringfireball.markdown; path = README.md; sourceTree = "<group>"; };
		83B8E1E32F77A8BF00A31963 /* WevoShareExtension.appex */ = {isa = PBXFileReference; explicitFileType = "wrapper.app-extension"; includeInIndex = 0; path = WevoShareExtension.appex; sourceTree = BUILT_PRODUCTS_DIR; };
/* End PBXFileReference section */

/* Begin PBXFileSystemSynchronizedBuildFileExceptionSet section */
		835F89C82F8BC8F7009CA8C4 /* Exceptions for "docs" folder in "Wevo" target */ = {
			isa = PBXFileSystemSynchronizedBuildFileExceptionSet;
			membershipExceptions = (
<<<<<<< HEAD
				appstore/iPad/1.png,
				appstore/iPad/2.png,
				appstore/iPad/3.png,
				appstore/iPad/4.png,
				appstore/iPhone/1.png,
				appstore/iPhone/2.png,
				appstore/iPhone/3.png,
				appstore/iPhone/4.png,
				appstore/mac/1.png,
				appstore/mac/2.png,
				appstore/mac/3.png,
				appstore/mac/4.png,
=======
>>>>>>> main
				"testflight/what-to-test-ja.md",
				"testflight/what-to-test.md",
			);
			target = 83A5458D2F5893F600342AE7 /* Wevo */;
		};
		839B29182F78D43F007A27FE /* Exceptions for "Wevo" folder in "WevoShareExtension" target */ = {
			isa = PBXFileSystemSynchronizedBuildFileExceptionSet;
			membershipExceptions = (
				Models/SwiftData/ContactSwiftData.swift,
				Models/SwiftData/ProposeSwiftData.swift,
				Models/SwiftData/SpaceSwiftData.swift,
			);
			target = 83B8E1E22F77A8BF00A31963 /* WevoShareExtension */;
		};
		83A545B12F5893F800342AE7 /* Exceptions for "Wevo" folder in "Wevo" target */ = {
			isa = PBXFileSystemSynchronizedBuildFileExceptionSet;
			membershipExceptions = (
				Info.plist,
			);
			target = 83A5458D2F5893F600342AE7 /* Wevo */;
		};
		83B8E1F22F77A8C000A31963 /* Exceptions for "WevoShareExtension" folder in "WevoShareExtension" target */ = {
			isa = PBXFileSystemSynchronizedBuildFileExceptionSet;
			membershipExceptions = (
				Info.plist,
			);
			target = 83B8E1E22F77A8BF00A31963 /* WevoShareExtension */;
		};
/* End PBXFileSystemSynchronizedBuildFileExceptionSet section */

/* Begin PBXFileSystemSynchronizedRootGroup section */
		835F83982F8BC510009CA8C4 /* docs */ = {
			isa = PBXFileSystemSynchronizedRootGroup;
			exceptions = (
				835F89C82F8BC8F7009CA8C4 /* Exceptions for "docs" folder in "Wevo" target */,
			);
			path = docs;
			sourceTree = "<group>";
		};
		83A545902F5893F600342AE7 /* Wevo */ = {
			isa = PBXFileSystemSynchronizedRootGroup;
			exceptions = (
				83A545B12F5893F800342AE7 /* Exceptions for "Wevo" folder in "Wevo" target */,
				839B29182F78D43F007A27FE /* Exceptions for "Wevo" folder in "WevoShareExtension" target */,
			);
			path = Wevo;
			sourceTree = "<group>";
		};
		83A545A22F5893F800342AE7 /* WevoTests */ = {
			isa = PBXFileSystemSynchronizedRootGroup;
			path = WevoTests;
			sourceTree = "<group>";
		};
		83A545AC2F5893F800342AE7 /* WevoUITests */ = {
			isa = PBXFileSystemSynchronizedRootGroup;
			path = WevoUITests;
			sourceTree = "<group>";
		};
		83B8E1E42F77A8BF00A31963 /* WevoShareExtension */ = {
			isa = PBXFileSystemSynchronizedRootGroup;
			exceptions = (
				83B8E1F22F77A8C000A31963 /* Exceptions for "WevoShareExtension" folder in "WevoShareExtension" target */,
			);
			path = WevoShareExtension;
			sourceTree = "<group>";
		};
/* End PBXFileSystemSynchronizedRootGroup section */

/* Begin PBXFrameworksBuildPhase section */
		83A5458B2F5893F600342AE7 /* Frameworks */ = {
			isa = PBXFrameworksBuildPhase;
			buildActionMask = 2147483647;
			files = (
			);
			runOnlyForDeploymentPostprocessing = 0;
		};
		83A5459C2F5893F800342AE7 /* Frameworks */ = {
			isa = PBXFrameworksBuildPhase;
			buildActionMask = 2147483647;
			files = (
			);
			runOnlyForDeploymentPostprocessing = 0;
		};
		83A545A62F5893F800342AE7 /* Frameworks */ = {
			isa = PBXFrameworksBuildPhase;
			buildActionMask = 2147483647;
			files = (
			);
			runOnlyForDeploymentPostprocessing = 0;
		};
		83B8E1E02F77A8BF00A31963 /* Frameworks */ = {
			isa = PBXFrameworksBuildPhase;
			buildActionMask = 2147483647;
			files = (
				839B291D2F78D499007A27FE /* SwiftData.framework in Frameworks */,
			);
			runOnlyForDeploymentPostprocessing = 0;
		};
/* End PBXFrameworksBuildPhase section */

/* Begin PBXGroup section */
		839B291B2F78D491007A27FE /* Frameworks */ = {
			isa = PBXGroup;
			children = (
				839B291C2F78D499007A27FE /* SwiftData.framework */,
			);
			name = Frameworks;
			sourceTree = "<group>";
		};
		83A545852F5893F600342AE7 = {
			isa = PBXGroup;
			children = (
				83A545BD2F58957F00342AE7 /* README.md */,
				839CD4042F6039CA000B1FB7 /* Wevo.xctestplan */,
				835F83982F8BC510009CA8C4 /* docs */,
				83A545902F5893F600342AE7 /* Wevo */,
				83B8E1E42F77A8BF00A31963 /* WevoShareExtension */,
				83A545A22F5893F800342AE7 /* WevoTests */,
				83A545AC2F5893F800342AE7 /* WevoUITests */,
				839B291B2F78D491007A27FE /* Frameworks */,
				83A5458F2F5893F600342AE7 /* Products */,
			);
			sourceTree = "<group>";
		};
		83A5458F2F5893F600342AE7 /* Products */ = {
			isa = PBXGroup;
			children = (
				83A5458E2F5893F600342AE7 /* Wevo.app */,
				83A5459F2F5893F800342AE7 /* WevoTests.xctest */,
				83A545A92F5893F800342AE7 /* WevoUITests.xctest */,
				83B8E1E32F77A8BF00A31963 /* WevoShareExtension.appex */,
			);
			name = Products;
			sourceTree = "<group>";
		};
/* End PBXGroup section */

/* Begin PBXNativeTarget section */
		83A5458D2F5893F600342AE7 /* Wevo */ = {
			isa = PBXNativeTarget;
			buildConfigurationList = 83A545B22F5893F800342AE7 /* Build configuration list for PBXNativeTarget "Wevo" */;
			buildPhases = (
				83A5458A2F5893F600342AE7 /* Sources */,
				83A5458B2F5893F600342AE7 /* Frameworks */,
				83A5458C2F5893F600342AE7 /* Resources */,
				83B8E1EE2F77A8BF00A31963 /* Embed Foundation Extensions */,
			);
			buildRules = (
			);
			dependencies = (
				83B8E1EC2F77A8BF00A31963 /* PBXTargetDependency */,
			);
			fileSystemSynchronizedGroups = (
				835F83982F8BC510009CA8C4 /* docs */,
				83A545902F5893F600342AE7 /* Wevo */,
			);
			name = Wevo;
			packageProductDependencies = (
			);
			productName = Wevo;
			productReference = 83A5458E2F5893F600342AE7 /* Wevo.app */;
			productType = "com.apple.product-type.application";
		};
		83A5459E2F5893F800342AE7 /* WevoTests */ = {
			isa = PBXNativeTarget;
			buildConfigurationList = 83A545B72F5893F800342AE7 /* Build configuration list for PBXNativeTarget "WevoTests" */;
			buildPhases = (
				83A5459B2F5893F800342AE7 /* Sources */,
				83A5459C2F5893F800342AE7 /* Frameworks */,
				83A5459D2F5893F800342AE7 /* Resources */,
			);
			buildRules = (
			);
			dependencies = (
				83A545A12F5893F800342AE7 /* PBXTargetDependency */,
			);
			fileSystemSynchronizedGroups = (
				83A545A22F5893F800342AE7 /* WevoTests */,
			);
			name = WevoTests;
			packageProductDependencies = (
			);
			productName = WevoTests;
			productReference = 83A5459F2F5893F800342AE7 /* WevoTests.xctest */;
			productType = "com.apple.product-type.bundle.unit-test";
		};
		83A545A82F5893F800342AE7 /* WevoUITests */ = {
			isa = PBXNativeTarget;
			buildConfigurationList = 83A545BA2F5893F800342AE7 /* Build configuration list for PBXNativeTarget "WevoUITests" */;
			buildPhases = (
				83A545A52F5893F800342AE7 /* Sources */,
				83A545A62F5893F800342AE7 /* Frameworks */,
				83A545A72F5893F800342AE7 /* Resources */,
			);
			buildRules = (
			);
			dependencies = (
				83A545AB2F5893F800342AE7 /* PBXTargetDependency */,
			);
			fileSystemSynchronizedGroups = (
				83A545AC2F5893F800342AE7 /* WevoUITests */,
			);
			name = WevoUITests;
			packageProductDependencies = (
			);
			productName = WevoUITests;
			productReference = 83A545A92F5893F800342AE7 /* WevoUITests.xctest */;
			productType = "com.apple.product-type.bundle.ui-testing";
		};
		83B8E1E22F77A8BF00A31963 /* WevoShareExtension */ = {
			isa = PBXNativeTarget;
			buildConfigurationList = 83B8E1F12F77A8C000A31963 /* Build configuration list for PBXNativeTarget "WevoShareExtension" */;
			buildPhases = (
				83B8E1DF2F77A8BF00A31963 /* Sources */,
				83B8E1E02F77A8BF00A31963 /* Frameworks */,
				83B8E1E12F77A8BF00A31963 /* Resources */,
			);
			buildRules = (
			);
			dependencies = (
			);
			fileSystemSynchronizedGroups = (
				83B8E1E42F77A8BF00A31963 /* WevoShareExtension */,
			);
			name = WevoShareExtension;
			packageProductDependencies = (
			);
			productName = WevoShareExtension;
			productReference = 83B8E1E32F77A8BF00A31963 /* WevoShareExtension.appex */;
			productType = "com.apple.product-type.app-extension";
		};
/* End PBXNativeTarget section */

/* Begin PBXProject section */
		83A545862F5893F600342AE7 /* Project object */ = {
			isa = PBXProject;
			attributes = {
				BuildIndependentTargetsInParallel = 1;
				LastSwiftUpdateCheck = 2640;
				LastUpgradeCheck = 2630;
				TargetAttributes = {
					83A5458D2F5893F600342AE7 = {
						CreatedOnToolsVersion = 26.3;
					};
					83A5459E2F5893F800342AE7 = {
						CreatedOnToolsVersion = 26.3;
						TestTargetID = 83A5458D2F5893F600342AE7;
					};
					83A545A82F5893F800342AE7 = {
						CreatedOnToolsVersion = 26.3;
						TestTargetID = 83A5458D2F5893F600342AE7;
					};
					83B8E1E22F77A8BF00A31963 = {
						CreatedOnToolsVersion = 26.4;
					};
				};
			};
			buildConfigurationList = 83A545892F5893F600342AE7 /* Build configuration list for PBXProject "Wevo" */;
			developmentRegion = en;
			hasScannedForEncodings = 0;
			knownRegions = (
				en,
				Base,
			);
			mainGroup = 83A545852F5893F600342AE7;
			minimizedProjectReferenceProxies = 1;
			preferredProjectObjectVersion = 77;
			productRefGroup = 83A5458F2F5893F600342AE7 /* Products */;
			projectDirPath = "";
			projectRoot = "";
			targets = (
				83A5458D2F5893F600342AE7 /* Wevo */,
				83B8E1E22F77A8BF00A31963 /* WevoShareExtension */,
				83A5459E2F5893F800342AE7 /* WevoTests */,
				83A545A82F5893F800342AE7 /* WevoUITests */,
			);
		};
/* End PBXProject section */

/* Begin PBXResourcesBuildPhase section */
		83A5458C2F5893F600342AE7 /* Resources */ = {
			isa = PBXResourcesBuildPhase;
			buildActionMask = 2147483647;
			files = (
				83A545BE2F58957F00342AE7 /* README.md in Resources */,
			);
			runOnlyForDeploymentPostprocessing = 0;
		};
		83A5459D2F5893F800342AE7 /* Resources */ = {
			isa = PBXResourcesBuildPhase;
			buildActionMask = 2147483647;
			files = (
			);
			runOnlyForDeploymentPostprocessing = 0;
		};
		83A545A72F5893F800342AE7 /* Resources */ = {
			isa = PBXResourcesBuildPhase;
			buildActionMask = 2147483647;
			files = (
			);
			runOnlyForDeploymentPostprocessing = 0;
		};
		83B8E1E12F77A8BF00A31963 /* Resources */ = {
			isa = PBXResourcesBuildPhase;
			buildActionMask = 2147483647;
			files = (
			);
			runOnlyForDeploymentPostprocessing = 0;
		};
/* End PBXResourcesBuildPhase section */

/* Begin PBXSourcesBuildPhase section */
		83A5458A2F5893F600342AE7 /* Sources */ = {
			isa = PBXSourcesBuildPhase;
			buildActionMask = 2147483647;
			files = (
			);
			runOnlyForDeploymentPostprocessing = 0;
		};
		83A5459B2F5893F800342AE7 /* Sources */ = {
			isa = PBXSourcesBuildPhase;
			buildActionMask = 2147483647;
			files = (
			);
			runOnlyForDeploymentPostprocessing = 0;
		};
		83A545A52F5893F800342AE7 /* Sources */ = {
			isa = PBXSourcesBuildPhase;
			buildActionMask = 2147483647;
			files = (
			);
			runOnlyForDeploymentPostprocessing = 0;
		};
		83B8E1DF2F77A8BF00A31963 /* Sources */ = {
			isa = PBXSourcesBuildPhase;
			buildActionMask = 2147483647;
			files = (
			);
			runOnlyForDeploymentPostprocessing = 0;
		};
/* End PBXSourcesBuildPhase section */

/* Begin PBXTargetDependency section */
		83A545A12F5893F800342AE7 /* PBXTargetDependency */ = {
			isa = PBXTargetDependency;
			target = 83A5458D2F5893F600342AE7 /* Wevo */;
			targetProxy = 83A545A02F5893F800342AE7 /* PBXContainerItemProxy */;
		};
		83A545AB2F5893F800342AE7 /* PBXTargetDependency */ = {
			isa = PBXTargetDependency;
			target = 83A5458D2F5893F600342AE7 /* Wevo */;
			targetProxy = 83A545AA2F5893F800342AE7 /* PBXContainerItemProxy */;
		};
		83B8E1EC2F77A8BF00A31963 /* PBXTargetDependency */ = {
			isa = PBXTargetDependency;
			target = 83B8E1E22F77A8BF00A31963 /* WevoShareExtension */;
			targetProxy = 83B8E1EB2F77A8BF00A31963 /* PBXContainerItemProxy */;
		};
/* End PBXTargetDependency section */

/* Begin XCBuildConfiguration section */
		83A545B32F5893F800342AE7 /* Debug */ = {
			isa = XCBuildConfiguration;
			buildSettings = {
				ASSETCATALOG_COMPILER_APPICON_NAME = Wevo;
				ASSETCATALOG_COMPILER_GLOBAL_ACCENT_COLOR_NAME = AccentColor;
				CODE_SIGN_ENTITLEMENTS = Wevo/Wevo.entitlements;
				CODE_SIGN_STYLE = Automatic;
				CURRENT_PROJECT_VERSION = 1;
				DEVELOPMENT_TEAM = 9UHBV5AP46;
				ENABLE_APP_SANDBOX = YES;
				ENABLE_HARDENED_RUNTIME = YES;
				ENABLE_PREVIEWS = YES;
				ENABLE_USER_SELECTED_FILES = readonly;
				GENERATE_INFOPLIST_FILE = YES;
				INFOPLIST_FILE = Wevo/Info.plist;
				INFOPLIST_KEY_ITSAppUsesNonExemptEncryption = NO;
				INFOPLIST_KEY_LSApplicationCategoryType = "public.app-category.lifestyle";
				"INFOPLIST_KEY_LSSupportsOpeningDocumentsInPlace[sdk=macosx*]" = YES;
				INFOPLIST_KEY_NSFaceIDUsageDescription = "Wevo uses Face ID to verify your identity.";
				"INFOPLIST_KEY_UIApplicationSceneManifest_Generation[sdk=iphoneos*]" = YES;
				"INFOPLIST_KEY_UIApplicationSceneManifest_Generation[sdk=iphonesimulator*]" = YES;
				"INFOPLIST_KEY_UIApplicationSupportsIndirectInputEvents[sdk=iphoneos*]" = YES;
				"INFOPLIST_KEY_UIApplicationSupportsIndirectInputEvents[sdk=iphonesimulator*]" = YES;
				"INFOPLIST_KEY_UILaunchScreen_Generation[sdk=iphoneos*]" = YES;
				"INFOPLIST_KEY_UILaunchScreen_Generation[sdk=iphonesimulator*]" = YES;
				"INFOPLIST_KEY_UIStatusBarStyle[sdk=iphoneos*]" = UIStatusBarStyleDefault;
				"INFOPLIST_KEY_UIStatusBarStyle[sdk=iphonesimulator*]" = UIStatusBarStyleDefault;
				INFOPLIST_KEY_UISupportedInterfaceOrientations_iPad = "UIInterfaceOrientationPortrait UIInterfaceOrientationPortraitUpsideDown UIInterfaceOrientationLandscapeLeft UIInterfaceOrientationLandscapeRight";
				INFOPLIST_KEY_UISupportedInterfaceOrientations_iPhone = "UIInterfaceOrientationPortrait UIInterfaceOrientationLandscapeLeft UIInterfaceOrientationLandscapeRight";
				IPHONEOS_DEPLOYMENT_TARGET = 26.0;
				LD_RUNPATH_SEARCH_PATHS = "@executable_path/Frameworks";
				"LD_RUNPATH_SEARCH_PATHS[sdk=macosx*]" = "@executable_path/../Frameworks";
				MACOSX_DEPLOYMENT_TARGET = 26.0;
				MARKETING_VERSION = 1.0;
				PRODUCT_BUNDLE_IDENTIFIER = com.h1d3mun3.Wevo;
				PRODUCT_NAME = "$(TARGET_NAME)";
				REGISTER_APP_GROUPS = YES;
				SDKROOT = auto;
				STRING_CATALOG_GENERATE_SYMBOLS = YES;
				SUPPORTED_PLATFORMS = "iphoneos iphonesimulator macosx";
				SUPPORTS_MACCATALYST = NO;
				SWIFT_APPROACHABLE_CONCURRENCY = YES;
				SWIFT_DEFAULT_ACTOR_ISOLATION = MainActor;
				SWIFT_EMIT_LOC_STRINGS = YES;
				SWIFT_UPCOMING_FEATURE_MEMBER_IMPORT_VISIBILITY = YES;
				SWIFT_VERSION = 5.0;
				TARGETED_DEVICE_FAMILY = "1,2";
				XROS_DEPLOYMENT_TARGET = 26.2;
			};
			name = Debug;
		};
		83A545B42F5893F800342AE7 /* Release */ = {
			isa = XCBuildConfiguration;
			buildSettings = {
				ASSETCATALOG_COMPILER_APPICON_NAME = Wevo;
				ASSETCATALOG_COMPILER_GLOBAL_ACCENT_COLOR_NAME = AccentColor;
				CODE_SIGN_ENTITLEMENTS = Wevo/Wevo.entitlements;
				CODE_SIGN_STYLE = Automatic;
				CURRENT_PROJECT_VERSION = 1;
				DEVELOPMENT_TEAM = 9UHBV5AP46;
				ENABLE_APP_SANDBOX = YES;
				ENABLE_HARDENED_RUNTIME = YES;
				ENABLE_PREVIEWS = YES;
				ENABLE_USER_SELECTED_FILES = readonly;
				GENERATE_INFOPLIST_FILE = YES;
				INFOPLIST_FILE = Wevo/Info.plist;
				INFOPLIST_KEY_ITSAppUsesNonExemptEncryption = NO;
				INFOPLIST_KEY_LSApplicationCategoryType = "public.app-category.lifestyle";
				"INFOPLIST_KEY_LSSupportsOpeningDocumentsInPlace[sdk=macosx*]" = YES;
				INFOPLIST_KEY_NSFaceIDUsageDescription = "Wevo uses Face ID to verify your identity.";
				"INFOPLIST_KEY_UIApplicationSceneManifest_Generation[sdk=iphoneos*]" = YES;
				"INFOPLIST_KEY_UIApplicationSceneManifest_Generation[sdk=iphonesimulator*]" = YES;
				"INFOPLIST_KEY_UIApplicationSupportsIndirectInputEvents[sdk=iphoneos*]" = YES;
				"INFOPLIST_KEY_UIApplicationSupportsIndirectInputEvents[sdk=iphonesimulator*]" = YES;
				"INFOPLIST_KEY_UILaunchScreen_Generation[sdk=iphoneos*]" = YES;
				"INFOPLIST_KEY_UILaunchScreen_Generation[sdk=iphonesimulator*]" = YES;
				"INFOPLIST_KEY_UIStatusBarStyle[sdk=iphoneos*]" = UIStatusBarStyleDefault;
				"INFOPLIST_KEY_UIStatusBarStyle[sdk=iphonesimulator*]" = UIStatusBarStyleDefault;
				INFOPLIST_KEY_UISupportedInterfaceOrientations_iPad = "UIInterfaceOrientationPortrait UIInterfaceOrientationPortraitUpsideDown UIInterfaceOrientationLandscapeLeft UIInterfaceOrientationLandscapeRight";
				INFOPLIST_KEY_UISupportedInterfaceOrientations_iPhone = "UIInterfaceOrientationPortrait UIInterfaceOrientationLandscapeLeft UIInterfaceOrientationLandscapeRight";
				IPHONEOS_DEPLOYMENT_TARGET = 26.0;
				LD_RUNPATH_SEARCH_PATHS = "@executable_path/Frameworks";
				"LD_RUNPATH_SEARCH_PATHS[sdk=macosx*]" = "@executable_path/../Frameworks";
				MACOSX_DEPLOYMENT_TARGET = 26.0;
				MARKETING_VERSION = 1.0;
				PRODUCT_BUNDLE_IDENTIFIER = com.h1d3mun3.Wevo;
				PRODUCT_NAME = "$(TARGET_NAME)";
				REGISTER_APP_GROUPS = YES;
				SDKROOT = auto;
				STRING_CATALOG_GENERATE_SYMBOLS = YES;
				SUPPORTED_PLATFORMS = "iphoneos iphonesimulator macosx";
				SUPPORTS_MACCATALYST = NO;
				SWIFT_APPROACHABLE_CONCURRENCY = YES;
				SWIFT_DEFAULT_ACTOR_ISOLATION = MainActor;
				SWIFT_EMIT_LOC_STRINGS = YES;
				SWIFT_UPCOMING_FEATURE_MEMBER_IMPORT_VISIBILITY = YES;
				SWIFT_VERSION = 5.0;
				TARGETED_DEVICE_FAMILY = "1,2";
				XROS_DEPLOYMENT_TARGET = 26.2;
			};
			name = Release;
		};
		83A545B52F5893F800342AE7 /* Debug */ = {
			isa = XCBuildConfiguration;
			buildSettings = {
				ALWAYS_SEARCH_USER_PATHS = NO;
				ASSETCATALOG_COMPILER_GENERATE_SWIFT_ASSET_SYMBOL_EXTENSIONS = YES;
				CLANG_ANALYZER_NONNULL = YES;
				CLANG_ANALYZER_NUMBER_OBJECT_CONVERSION = YES_AGGRESSIVE;
				CLANG_CXX_LANGUAGE_STANDARD = "gnu++20";
				CLANG_ENABLE_MODULES = YES;
				CLANG_ENABLE_OBJC_ARC = YES;
				CLANG_ENABLE_OBJC_WEAK = YES;
				CLANG_WARN_BLOCK_CAPTURE_AUTORELEASING = YES;
				CLANG_WARN_BOOL_CONVERSION = YES;
				CLANG_WARN_COMMA = YES;
				CLANG_WARN_CONSTANT_CONVERSION = YES;
				CLANG_WARN_DEPRECATED_OBJC_IMPLEMENTATIONS = YES;
				CLANG_WARN_DIRECT_OBJC_ISA_USAGE = YES_ERROR;
				CLANG_WARN_DOCUMENTATION_COMMENTS = YES;
				CLANG_WARN_EMPTY_BODY = YES;
				CLANG_WARN_ENUM_CONVERSION = YES;
				CLANG_WARN_INFINITE_RECURSION = YES;
				CLANG_WARN_INT_CONVERSION = YES;
				CLANG_WARN_NON_LITERAL_NULL_CONVERSION = YES;
				CLANG_WARN_OBJC_IMPLICIT_RETAIN_SELF = YES;
				CLANG_WARN_OBJC_LITERAL_CONVERSION = YES;
				CLANG_WARN_OBJC_ROOT_CLASS = YES_ERROR;
				CLANG_WARN_QUOTED_INCLUDE_IN_FRAMEWORK_HEADER = YES;
				CLANG_WARN_RANGE_LOOP_ANALYSIS = YES;
				CLANG_WARN_STRICT_PROTOTYPES = YES;
				CLANG_WARN_SUSPICIOUS_MOVE = YES;
				CLANG_WARN_UNGUARDED_AVAILABILITY = YES_AGGRESSIVE;
				CLANG_WARN_UNREACHABLE_CODE = YES;
				CLANG_WARN__DUPLICATE_METHOD_MATCH = YES;
				COPY_PHASE_STRIP = NO;
				DEBUG_INFORMATION_FORMAT = dwarf;
				DEVELOPMENT_TEAM = 9UHBV5AP46;
				ENABLE_STRICT_OBJC_MSGSEND = YES;
				ENABLE_TESTABILITY = YES;
				ENABLE_USER_SCRIPT_SANDBOXING = YES;
				GCC_C_LANGUAGE_STANDARD = gnu17;
				GCC_DYNAMIC_NO_PIC = NO;
				GCC_NO_COMMON_BLOCKS = YES;
				GCC_OPTIMIZATION_LEVEL = 0;
				GCC_PREPROCESSOR_DEFINITIONS = (
					"DEBUG=1",
					"$(inherited)",
				);
				GCC_WARN_64_TO_32_BIT_CONVERSION = YES;
				GCC_WARN_ABOUT_RETURN_TYPE = YES_ERROR;
				GCC_WARN_UNDECLARED_SELECTOR = YES;
				GCC_WARN_UNINITIALIZED_AUTOS = YES_AGGRESSIVE;
				GCC_WARN_UNUSED_FUNCTION = YES;
				GCC_WARN_UNUSED_VARIABLE = YES;
				LOCALIZATION_PREFERS_STRING_CATALOGS = YES;
				MTL_ENABLE_DEBUG_INFO = INCLUDE_SOURCE;
				MTL_FAST_MATH = YES;
				ONLY_ACTIVE_ARCH = YES;
				SWIFT_ACTIVE_COMPILATION_CONDITIONS = "DEBUG $(inherited)";
				SWIFT_OPTIMIZATION_LEVEL = "-Onone";
			};
			name = Debug;
		};
		83A545B62F5893F800342AE7 /* Release */ = {
			isa = XCBuildConfiguration;
			buildSettings = {
				ALWAYS_SEARCH_USER_PATHS = NO;
				ASSETCATALOG_COMPILER_GENERATE_SWIFT_ASSET_SYMBOL_EXTENSIONS = YES;
				CLANG_ANALYZER_NONNULL = YES;
				CLANG_ANALYZER_NUMBER_OBJECT_CONVERSION = YES_AGGRESSIVE;
				CLANG_CXX_LANGUAGE_STANDARD = "gnu++20";
				CLANG_ENABLE_MODULES = YES;
				CLANG_ENABLE_OBJC_ARC = YES;
				CLANG_ENABLE_OBJC_WEAK = YES;
				CLANG_WARN_BLOCK_CAPTURE_AUTORELEASING = YES;
				CLANG_WARN_BOOL_CONVERSION = YES;
				CLANG_WARN_COMMA = YES;
				CLANG_WARN_CONSTANT_CONVERSION = YES;
				CLANG_WARN_DEPRECATED_OBJC_IMPLEMENTATIONS = YES;
				CLANG_WARN_DIRECT_OBJC_ISA_USAGE = YES_ERROR;
				CLANG_WARN_DOCUMENTATION_COMMENTS = YES;
				CLANG_WARN_EMPTY_BODY = YES;
				CLANG_WARN_ENUM_CONVERSION = YES;
				CLANG_WARN_INFINITE_RECURSION = YES;
				CLANG_WARN_INT_CONVERSION = YES;
				CLANG_WARN_NON_LITERAL_NULL_CONVERSION = YES;
				CLANG_WARN_OBJC_IMPLICIT_RETAIN_SELF = YES;
				CLANG_WARN_OBJC_LITERAL_CONVERSION = YES;
				CLANG_WARN_OBJC_ROOT_CLASS = YES_ERROR;
				CLANG_WARN_QUOTED_INCLUDE_IN_FRAMEWORK_HEADER = YES;
				CLANG_WARN_RANGE_LOOP_ANALYSIS = YES;
				CLANG_WARN_STRICT_PROTOTYPES = YES;
				CLANG_WARN_SUSPICIOUS_MOVE = YES;
				CLANG_WARN_UNGUARDED_AVAILABILITY = YES_AGGRESSIVE;
				CLANG_WARN_UNREACHABLE_CODE = YES;
				CLANG_WARN__DUPLICATE_METHOD_MATCH = YES;
				COPY_PHASE_STRIP = NO;
				DEBUG_INFORMATION_FORMAT = "dwarf-with-dsym";
				DEVELOPMENT_TEAM = 9UHBV5AP46;
				ENABLE_NS_ASSERTIONS = NO;
				ENABLE_STRICT_OBJC_MSGSEND = YES;
				ENABLE_USER_SCRIPT_SANDBOXING = YES;
				GCC_C_LANGUAGE_STANDARD = gnu17;
				GCC_NO_COMMON_BLOCKS = YES;
				GCC_WARN_64_TO_32_BIT_CONVERSION = YES;
				GCC_WARN_ABOUT_RETURN_TYPE = YES_ERROR;
				GCC_WARN_UNDECLARED_SELECTOR = YES;
				GCC_WARN_UNINITIALIZED_AUTOS = YES_AGGRESSIVE;
				GCC_WARN_UNUSED_FUNCTION = YES;
				GCC_WARN_UNUSED_VARIABLE = YES;
				LOCALIZATION_PREFERS_STRING_CATALOGS = YES;
				MTL_ENABLE_DEBUG_INFO = NO;
				MTL_FAST_MATH = YES;
				SWIFT_COMPILATION_MODE = wholemodule;
			};
			name = Release;
		};
		83A545B82F5893F800342AE7 /* Debug */ = {
			isa = XCBuildConfiguration;
			buildSettings = {
				BUNDLE_LOADER = "$(TEST_HOST)";
				CODE_SIGN_STYLE = Automatic;
				CURRENT_PROJECT_VERSION = 1;
				DEVELOPMENT_TEAM = 9UHBV5AP46;
				GENERATE_INFOPLIST_FILE = YES;
				IPHONEOS_DEPLOYMENT_TARGET = 26.2;
				MACOSX_DEPLOYMENT_TARGET = 26.2;
				MARKETING_VERSION = 1.0;
				PRODUCT_BUNDLE_IDENTIFIER = com.h1d3mun3.WevoTests;
				PRODUCT_NAME = "$(TARGET_NAME)";
				SDKROOT = auto;
				STRING_CATALOG_GENERATE_SYMBOLS = NO;
				SUPPORTED_PLATFORMS = "iphoneos iphonesimulator macosx xros xrsimulator";
				SWIFT_APPROACHABLE_CONCURRENCY = YES;
				SWIFT_EMIT_LOC_STRINGS = NO;
				SWIFT_UPCOMING_FEATURE_MEMBER_IMPORT_VISIBILITY = YES;
				SWIFT_VERSION = 5.0;
				TARGETED_DEVICE_FAMILY = "1,2,7";
				TEST_HOST = "$(BUILT_PRODUCTS_DIR)/Wevo.app/$(BUNDLE_EXECUTABLE_FOLDER_PATH)/Wevo";
				XROS_DEPLOYMENT_TARGET = 26.2;
			};
			name = Debug;
		};
		83A545B92F5893F800342AE7 /* Release */ = {
			isa = XCBuildConfiguration;
			buildSettings = {
				BUNDLE_LOADER = "$(TEST_HOST)";
				CODE_SIGN_STYLE = Automatic;
				CURRENT_PROJECT_VERSION = 1;
				DEVELOPMENT_TEAM = 9UHBV5AP46;
				GENERATE_INFOPLIST_FILE = YES;
				IPHONEOS_DEPLOYMENT_TARGET = 26.2;
				MACOSX_DEPLOYMENT_TARGET = 26.2;
				MARKETING_VERSION = 1.0;
				PRODUCT_BUNDLE_IDENTIFIER = com.h1d3mun3.WevoTests;
				PRODUCT_NAME = "$(TARGET_NAME)";
				SDKROOT = auto;
				STRING_CATALOG_GENERATE_SYMBOLS = NO;
				SUPPORTED_PLATFORMS = "iphoneos iphonesimulator macosx xros xrsimulator";
				SWIFT_APPROACHABLE_CONCURRENCY = YES;
				SWIFT_EMIT_LOC_STRINGS = NO;
				SWIFT_UPCOMING_FEATURE_MEMBER_IMPORT_VISIBILITY = YES;
				SWIFT_VERSION = 5.0;
				TARGETED_DEVICE_FAMILY = "1,2,7";
				TEST_HOST = "$(BUILT_PRODUCTS_DIR)/Wevo.app/$(BUNDLE_EXECUTABLE_FOLDER_PATH)/Wevo";
				XROS_DEPLOYMENT_TARGET = 26.2;
			};
			name = Release;
		};
		83A545BB2F5893F800342AE7 /* Debug */ = {
			isa = XCBuildConfiguration;
			buildSettings = {
				CODE_SIGN_STYLE = Automatic;
				CURRENT_PROJECT_VERSION = 1;
				DEVELOPMENT_TEAM = 9UHBV5AP46;
				GENERATE_INFOPLIST_FILE = YES;
				IPHONEOS_DEPLOYMENT_TARGET = 26.2;
				MACOSX_DEPLOYMENT_TARGET = 26.2;
				MARKETING_VERSION = 1.0;
				PRODUCT_BUNDLE_IDENTIFIER = com.h1d3mun3.WevoUITests;
				PRODUCT_NAME = "$(TARGET_NAME)";
				SDKROOT = auto;
				STRING_CATALOG_GENERATE_SYMBOLS = NO;
				SUPPORTED_PLATFORMS = "iphoneos iphonesimulator macosx xros xrsimulator";
				SWIFT_APPROACHABLE_CONCURRENCY = YES;
				SWIFT_EMIT_LOC_STRINGS = NO;
				SWIFT_UPCOMING_FEATURE_MEMBER_IMPORT_VISIBILITY = YES;
				SWIFT_VERSION = 5.0;
				TARGETED_DEVICE_FAMILY = "1,2,7";
				TEST_TARGET_NAME = Wevo;
				XROS_DEPLOYMENT_TARGET = 26.2;
			};
			name = Debug;
		};
		83A545BC2F5893F800342AE7 /* Release */ = {
			isa = XCBuildConfiguration;
			buildSettings = {
				CODE_SIGN_STYLE = Automatic;
				CURRENT_PROJECT_VERSION = 1;
				DEVELOPMENT_TEAM = 9UHBV5AP46;
				GENERATE_INFOPLIST_FILE = YES;
				IPHONEOS_DEPLOYMENT_TARGET = 26.2;
				MACOSX_DEPLOYMENT_TARGET = 26.2;
				MARKETING_VERSION = 1.0;
				PRODUCT_BUNDLE_IDENTIFIER = com.h1d3mun3.WevoUITests;
				PRODUCT_NAME = "$(TARGET_NAME)";
				SDKROOT = auto;
				STRING_CATALOG_GENERATE_SYMBOLS = NO;
				SUPPORTED_PLATFORMS = "iphoneos iphonesimulator macosx xros xrsimulator";
				SWIFT_APPROACHABLE_CONCURRENCY = YES;
				SWIFT_EMIT_LOC_STRINGS = NO;
				SWIFT_UPCOMING_FEATURE_MEMBER_IMPORT_VISIBILITY = YES;
				SWIFT_VERSION = 5.0;
				TARGETED_DEVICE_FAMILY = "1,2,7";
				TEST_TARGET_NAME = Wevo;
				XROS_DEPLOYMENT_TARGET = 26.2;
			};
			name = Release;
		};
		83B8E1EF2F77A8BF00A31963 /* Debug */ = {
			isa = XCBuildConfiguration;
			buildSettings = {
				CODE_SIGN_ENTITLEMENTS = WevoShareExtension/WevoShareExtension.entitlements;
				CODE_SIGN_STYLE = Automatic;
				CURRENT_PROJECT_VERSION = 1;
				DEVELOPMENT_TEAM = 9UHBV5AP46;
				ENABLE_APP_SANDBOX = YES;
				ENABLE_HARDENED_RUNTIME = YES;
				ENABLE_OUTGOING_NETWORK_CONNECTIONS = YES;
				GENERATE_INFOPLIST_FILE = YES;
				INFOPLIST_FILE = WevoShareExtension/Info.plist;
				INFOPLIST_KEY_CFBundleDisplayName = WevoShareExtension;
				INFOPLIST_KEY_NSHumanReadableCopyright = "";
				IPHONEOS_DEPLOYMENT_TARGET = 26.0;
				LD_RUNPATH_SEARCH_PATHS = (
					"$(inherited)",
					"@executable_path/Frameworks",
					"@executable_path/../../Frameworks",
				);
				MACOSX_DEPLOYMENT_TARGET = 26.0;
				MARKETING_VERSION = 1.0;
				PRODUCT_BUNDLE_IDENTIFIER = com.h1d3mun3.Wevo.WevoShareExtension;
				PRODUCT_NAME = "$(TARGET_NAME)";
				REGISTER_APP_GROUPS = YES;
				SDKROOT = iphoneos;
				SKIP_INSTALL = YES;
				STRING_CATALOG_GENERATE_SYMBOLS = YES;
				SUPPORTED_PLATFORMS = "iphoneos iphonesimulator macosx";
				SUPPORTS_MACCATALYST = NO;
				SUPPORTS_MAC_DESIGNED_FOR_IPHONE_IPAD = NO;
				SUPPORTS_XR_DESIGNED_FOR_IPHONE_IPAD = NO;
				SWIFT_APPROACHABLE_CONCURRENCY = YES;
				SWIFT_EMIT_LOC_STRINGS = YES;
				SWIFT_UPCOMING_FEATURE_MEMBER_IMPORT_VISIBILITY = YES;
				SWIFT_VERSION = 5.0;
				TARGETED_DEVICE_FAMILY = "1,2";
			};
			name = Debug;
		};
		83B8E1F02F77A8BF00A31963 /* Release */ = {
			isa = XCBuildConfiguration;
			buildSettings = {
				CODE_SIGN_ENTITLEMENTS = WevoShareExtension/WevoShareExtension.entitlements;
				CODE_SIGN_STYLE = Automatic;
				CURRENT_PROJECT_VERSION = 1;
				DEVELOPMENT_TEAM = 9UHBV5AP46;
				GENERATE_INFOPLIST_FILE = YES;
				INFOPLIST_FILE = WevoShareExtension/Info.plist;
				INFOPLIST_KEY_CFBundleDisplayName = WevoShareExtension;
				INFOPLIST_KEY_NSHumanReadableCopyright = "";
				IPHONEOS_DEPLOYMENT_TARGET = 26.0;
				LD_RUNPATH_SEARCH_PATHS = (
					"$(inherited)",
					"@executable_path/Frameworks",
					"@executable_path/../../Frameworks",
				);
				MACOSX_DEPLOYMENT_TARGET = 26.0;
				MARKETING_VERSION = 1.0;
				PRODUCT_BUNDLE_IDENTIFIER = com.h1d3mun3.Wevo.WevoShareExtension;
				PRODUCT_NAME = "$(TARGET_NAME)";
				REGISTER_APP_GROUPS = YES;
				SDKROOT = iphoneos;
				SKIP_INSTALL = YES;
				STRING_CATALOG_GENERATE_SYMBOLS = YES;
				SUPPORTED_PLATFORMS = "iphoneos iphonesimulator macosx";
				SUPPORTS_MACCATALYST = NO;
				SUPPORTS_MAC_DESIGNED_FOR_IPHONE_IPAD = NO;
				SUPPORTS_XR_DESIGNED_FOR_IPHONE_IPAD = NO;
				SWIFT_APPROACHABLE_CONCURRENCY = YES;
				SWIFT_EMIT_LOC_STRINGS = YES;
				SWIFT_UPCOMING_FEATURE_MEMBER_IMPORT_VISIBILITY = YES;
				SWIFT_VERSION = 5.0;
				TARGETED_DEVICE_FAMILY = "1,2";
				VALIDATE_PRODUCT = YES;
			};
			name = Release;
		};
/* End XCBuildConfiguration section */

/* Begin XCConfigurationList section */
		83A545892F5893F600342AE7 /* Build configuration list for PBXProject "Wevo" */ = {
			isa = XCConfigurationList;
			buildConfigurations = (
				83A545B52F5893F800342AE7 /* Debug */,
				83A545B62F5893F800342AE7 /* Release */,
			);
			defaultConfigurationIsVisible = 0;
			defaultConfigurationName = Release;
		};
		83A545B22F5893F800342AE7 /* Build configuration list for PBXNativeTarget "Wevo" */ = {
			isa = XCConfigurationList;
			buildConfigurations = (
				83A545B32F5893F800342AE7 /* Debug */,
				83A545B42F5893F800342AE7 /* Release */,
			);
			defaultConfigurationIsVisible = 0;
			defaultConfigurationName = Release;
		};
		83A545B72F5893F800342AE7 /* Build configuration list for PBXNativeTarget "WevoTests" */ = {
			isa = XCConfigurationList;
			buildConfigurations = (
				83A545B82F5893F800342AE7 /* Debug */,
				83A545B92F5893F800342AE7 /* Release */,
			);
			defaultConfigurationIsVisible = 0;
			defaultConfigurationName = Release;
		};
		83A545BA2F5893F800342AE7 /* Build configuration list for PBXNativeTarget "WevoUITests" */ = {
			isa = XCConfigurationList;
			buildConfigurations = (
				83A545BB2F5893F800342AE7 /* Debug */,
				83A545BC2F5893F800342AE7 /* Release */,
			);
			defaultConfigurationIsVisible = 0;
			defaultConfigurationName = Release;
		};
		83B8E1F12F77A8C000A31963 /* Build configuration list for PBXNativeTarget "WevoShareExtension" */ = {
			isa = XCConfigurationList;
			buildConfigurations = (
				83B8E1EF2F77A8BF00A31963 /* Debug */,
				83B8E1F02F77A8BF00A31963 /* Release */,
			);
			defaultConfigurationIsVisible = 0;
			defaultConfigurationName = Release;
		};
/* End XCConfigurationList section */
	};
	rootObject = 83A545862F5893F600342AE7 /* Project object */;
}
